
Microsoft Visual Studio Solution File, Format Version 12.00
# Visual Studio Version 17
VisualStudioVersion = 17.6.33829.357
MinimumVisualStudioVersion = 10.0.40219.1
Project("{9A19103F-16F7-4668-BE54-9A1E7A4F7556}") = "nime", "nime\nime.csproj", "{2E370CB6-3448-477E-AC86-8953612941E9}"
EndProject
Project("{2150E333-8FDC-42A3-9474-1A3956D46DE8}") = "ソリューション項目", "ソリューション項目", "{0C33A9C4-5D16-4389-92DB-1DD67E161CAE}"
	ProjectSection(SolutionItems) = preProject
		notifyImage.ico = notifyImage.ico
	EndProjectSection
EndProject
Global
	GlobalSection(SolutionConfigurationPlatforms) = preSolution
		Debug|Any CPU = Debug|Any CPU
		Release|Any CPU = Release|Any CPU
	EndGlobalSection
	GlobalSection(ProjectConfigurationPlatforms) = postSolution
		{2E370CB6-3448-477E-AC86-8953612941E9}.Debug|Any CPU.ActiveCfg = Debug|Any CPU
		{2E370CB6-3448-477E-AC86-8953612941E9}.Debug|Any CPU.Build.0 = Debug|Any CPU
		{2E370CB6-3448-477E-AC86-8953612941E9}.Release|Any CPU.ActiveCfg = Release|Any CPU
		{2E370CB6-3448-477E-AC86-8953612941E9}.Release|Any CPU.Build.0 = Release|Any CPU
	EndGlobalSection
	GlobalSection(SolutionProperties) = preSolution
		HideSolutionNode = FALSE
	EndGlobalSection
	GlobalSection(ExtensibilityGlobals) = postSolution
		SolutionGuid = {1F06F783-4835-4E59-AFAA-12D6FA6297E3}
	EndGlobalSection
EndGlobal
